
Microsoft Visual Studio Solution File, Format Version 12.00
# Visual Studio Version 17
VisualStudioVersion = 17.4.33205.214
MinimumVisualStudioVersion = 10.0.40219.1
Project("{FAE04EC0-301F-11D3-BF4B-00C04F79EFBC}") = "DataAccess", "DataAccess\DataAccess.csproj", "{9F7C93A7-C93F-4761-AEBC-F559F1899CB6}"
EndProject
Project("{FAE04EC0-301F-11D3-BF4B-00C04F79EFBC}") = "BusinessObject", "BusinessObject\BusinessObject.csproj", "{E4016979-A275-4270-80E6-048511EA77DB}"
EndProject
Project("{FAE04EC0-301F-11D3-BF4B-00C04F79EFBC}") = "MyStoreWinApp", "MyStoreWinApp\MyStoreWinApp.csproj", "{8A671A73-729A-4A0D-AFF1-0AA34F6FBDE5}"
EndProject
Project("{2150E333-8FDC-42A3-9474-1A3956D46DE8}") = "2. Business Layer", "2. Business Layer", "{968A4885-6F6C-458C-A500-066632612101}"
EndProject
Project("{2150E333-8FDC-42A3-9474-1A3956D46DE8}") = "3. Data Layer", "3. Data Layer", "{2DD45B00-87E6-433D-B896-3C63CC265203}"
EndProject
Project("{2150E333-8FDC-42A3-9474-1A3956D46DE8}") = "1. Presentation Layer", "1. Presentation Layer", "{C262F6F3-649D-4182-8D33-6577E8A43103}"
EndProject
Global
	GlobalSection(SolutionConfigurationPlatforms) = preSolution
		Debug|Any CPU = Debug|Any CPU
		Release|Any CPU = Release|Any CPU
	EndGlobalSection
	GlobalSection(ProjectConfigurationPlatforms) = postSolution
		{9F7C93A7-C93F-4761-AEBC-F559F1899CB6}.Debug|Any CPU.ActiveCfg = Debug|Any CPU
		{9F7C93A7-C93F-4761-AEBC-F559F1899CB6}.Debug|Any CPU.Build.0 = Debug|Any CPU
		{9F7C93A7-C93F-4761-AEBC-F559F1899CB6}.Release|Any CPU.ActiveCfg = Release|Any CPU
		{9F7C93A7-C93F-4761-AEBC-F559F1899CB6}.Release|Any CPU.Build.0 = Release|Any CPU
		{E4016979-A275-4270-80E6-048511EA77DB}.Debug|Any CPU.ActiveCfg = Debug|Any CPU
		{E4016979-A275-4270-80E6-048511EA77DB}.Debug|Any CPU.Build.0 = Debug|Any CPU
		{E4016979-A275-4270-80E6-048511EA77DB}.Release|Any CPU.ActiveCfg = Release|Any CPU
		{E4016979-A275-4270-80E6-048511EA77DB}.Release|Any CPU.Build.0 = Release|Any CPU
		{8A671A73-729A-4A0D-AFF1-0AA34F6FBDE5}.Debug|Any CPU.ActiveCfg = Debug|Any CPU
		{8A671A73-729A-4A0D-AFF1-0AA34F6FBDE5}.Debug|Any CPU.Build.0 = Debug|Any CPU
		{8A671A73-729A-4A0D-AFF1-0AA34F6FBDE5}.Release|Any CPU.ActiveCfg = Release|Any CPU
		{8A671A73-729A-4A0D-AFF1-0AA34F6FBDE5}.Release|Any CPU.Build.0 = Release|Any CPU
	EndGlobalSection
	GlobalSection(SolutionProperties) = preSolution
		HideSolutionNode = FALSE
	EndGlobalSection
	GlobalSection(NestedProjects) = preSolution
		{9F7C93A7-C93F-4761-AEBC-F559F1899CB6} = {2DD45B00-87E6-433D-B896-3C63CC265203}
		{E4016979-A275-4270-80E6-048511EA77DB} = {968A4885-6F6C-458C-A500-066632612101}
		{8A671A73-729A-4A0D-AFF1-0AA34F6FBDE5} = {C262F6F3-649D-4182-8D33-6577E8A43103}
	EndGlobalSection
	GlobalSection(ExtensibilityGlobals) = postSolution
		SolutionGuid = {A91440E3-DC60-47A6-B762-75B2CA30914F}
	EndGlobalSection
EndGlobal
